
Microsoft Visual Studio Solution File, Format Version 12.00
# Visual Studio Version 17
VisualStudioVersion = 17.6.33723.286
MinimumVisualStudioVersion = 10.0.40219.1
Project("{FAE04EC0-301F-11D3-BF4B-00C04F79EFBC}") = "tourism", "tourism\tourism.csproj", "{81EC4201-2967-4509-A585-0A7A331AADD2}"
EndProject
Global
	GlobalSection(SolutionConfigurationPlatforms) = preSolution
		Debug|Any CPU = Debug|Any CPU
		Release|Any CPU = Release|Any CPU
	EndGlobalSection
	GlobalSection(ProjectConfigurationPlatforms) = postSolution
		{81EC4201-2967-4509-A585-0A7A331AADD2}.Debug|Any CPU.ActiveCfg = Debug|Any CPU
		{81EC4201-2967-4509-A585-0A7A331AADD2}.Debug|Any CPU.Build.0 = Debug|Any CPU
		{81EC4201-2967-4509-A585-0A7A331AADD2}.Release|Any CPU.ActiveCfg = Release|Any CPU
		{81EC4201-2967-4509-A585-0A7A331AADD2}.Release|Any CPU.Build.0 = Release|Any CPU
	EndGlobalSection
	GlobalSection(SolutionProperties) = preSolution
		HideSolutionNode = FALSE
	EndGlobalSection
	GlobalSection(ExtensibilityGlobals) = postSolution
		SolutionGuid = {DA058679-AAA4-4D1E-806E-97A93CE412ED}
	EndGlobalSection
EndGlobal
